
Microsoft Visual Studio Solution File, Format Version 12.00
# Visual Studio 15
VisualStudioVersion = 15.0.26430.14
MinimumVisualStudioVersion = 10.0.40219.1
Project("{FAE04EC0-301F-11D3-BF4B-00C04F79EFBC}") = "p01_AnonymousThreat", "p01_AnonymousThreat\p01_AnonymousThreat.csproj", "{66FEE870-9C2C-4711-AD4A-E5506CA6C493}"
EndProject
Project("{FAE04EC0-301F-11D3-BF4B-00C04F79EFBC}") = "p02_Icarus", "p02_Icarus\p02_Icarus.csproj", "{12DED97F-0D64-437D-8E6C-7AC61E98EBDA}"
EndProject
Project("{FAE04EC0-301F-11D3-BF4B-00C04F79EFBC}") = "p03_PokemonDontGo", "p03_PokemonDontGo\p03_PokemonDontGo.csproj", "{F4724072-E0B8-405A-A148-24CB4649914F}"
EndProject
Project("{FAE04EC0-301F-11D3-BF4B-00C04F79EFBC}") = "p04_HornetAssault", "p04_HornetAssault\p04_HornetAssault.csproj", "{F2FCC668-8850-41E8-B8CD-C7495E2D95BB}"
EndProject
Global
	GlobalSection(SolutionConfigurationPlatforms) = preSolution
		Debug|Any CPU = Debug|Any CPU
		Release|Any CPU = Release|Any CPU
	EndGlobalSection
	GlobalSection(ProjectConfigurationPlatforms) = postSolution
		{66FEE870-9C2C-4711-AD4A-E5506CA6C493}.Debug|Any CPU.ActiveCfg = Debug|Any CPU
		{66FEE870-9C2C-4711-AD4A-E5506CA6C493}.Debug|Any CPU.Build.0 = Debug|Any CPU
		{66FEE870-9C2C-4711-AD4A-E5506CA6C493}.Release|Any CPU.ActiveCfg = Release|Any CPU
		{66FEE870-9C2C-4711-AD4A-E5506CA6C493}.Release|Any CPU.Build.0 = Release|Any CPU
		{12DED97F-0D64-437D-8E6C-7AC61E98EBDA}.Debug|Any CPU.ActiveCfg = Debug|Any CPU
		{12DED97F-0D64-437D-8E6C-7AC61E98EBDA}.Debug|Any CPU.Build.0 = Debug|Any CPU
		{12DED97F-0D64-437D-8E6C-7AC61E98EBDA}.Release|Any CPU.ActiveCfg = Release|Any CPU
		{12DED97F-0D64-437D-8E6C-7AC61E98EBDA}.Release|Any CPU.Build.0 = Release|Any CPU
		{F4724072-E0B8-405A-A148-24CB4649914F}.Debug|Any CPU.ActiveCfg = Debug|Any CPU
		{F4724072-E0B8-405A-A148-24CB4649914F}.Debug|Any CPU.Build.0 = Debug|Any CPU
		{F4724072-E0B8-405A-A148-24CB4649914F}.Release|Any CPU.ActiveCfg = Release|Any CPU
		{F4724072-E0B8-405A-A148-24CB4649914F}.Release|Any CPU.Build.0 = Release|Any CPU
		{F2FCC668-8850-41E8-B8CD-C7495E2D95BB}.Debug|Any CPU.ActiveCfg = Debug|Any CPU
		{F2FCC668-8850-41E8-B8CD-C7495E2D95BB}.Debug|Any CPU.Build.0 = Debug|Any CPU
		{F2FCC668-8850-41E8-B8CD-C7495E2D95BB}.Release|Any CPU.ActiveCfg = Release|Any CPU
		{F2FCC668-8850-41E8-B8CD-C7495E2D95BB}.Release|Any CPU.Build.0 = Release|Any CPU
	EndGlobalSection
	GlobalSection(SolutionProperties) = preSolution
		HideSolutionNode = FALSE
	EndGlobalSection
EndGlobal
