
Microsoft Visual Studio Solution File, Format Version 12.00
# Visual Studio 15
VisualStudioVersion = 15.0.26430.14
MinimumVisualStudioVersion = 10.0.40219.1
Project("{FAE04EC0-301F-11D3-BF4B-00C04F79EFBC}") = "p01_DayOfWeek", "p01_DayOfWeek\p01_DayOfWeek.csproj", "{883AC7F8-81FD-4191-8C6F-ACD058AB3954}"
EndProject
Project("{FAE04EC0-301F-11D3-BF4B-00C04F79EFBC}") = "p02_RandomizeWords", "p02_RandomizeWords\p02_RandomizeWords.csproj", "{DBC32962-46E6-43C4-8D34-28F71171D72C}"
EndProject
Project("{FAE04EC0-301F-11D3-BF4B-00C04F79EFBC}") = "p03_BigFactorial", "p03_BigFactorial\p03_BigFactorial.csproj", "{BED113F3-19D7-40C4-9E16-AF2184057359}"
EndProject
Project("{FAE04EC0-301F-11D3-BF4B-00C04F79EFBC}") = "p04_DistanceBetweenPoints", "p04_DistanceBetweenPoints\p04_DistanceBetweenPoints.csproj", "{9DA0992C-0C3D-4CB0-84DB-5BCDA88A8708}"
EndProject
Project("{FAE04EC0-301F-11D3-BF4B-00C04F79EFBC}") = "p05_ClosestTwoPoints", "p05_ClosestTwoPoints\p05_ClosestTwoPoints.csproj", "{C1F49E90-4313-4058-A7D5-A723045FF09A}"
EndProject
Project("{FAE04EC0-301F-11D3-BF4B-00C04F79EFBC}") = "p06_RectanglePosition", "p06_RectanglePosition\p06_RectanglePosition.csproj", "{B6ACFFDF-7EA3-4067-AE91-F0E0885D5DD0}"
EndProject
Project("{FAE04EC0-301F-11D3-BF4B-00C04F79EFBC}") = "p07_SalesReport", "p07_SalesReport\p07_SalesReport.csproj", "{4CE751C7-C4F4-4A58-8B51-1BC6B316A10F}"
EndProject
Global
	GlobalSection(SolutionConfigurationPlatforms) = preSolution
		Debug|Any CPU = Debug|Any CPU
		Release|Any CPU = Release|Any CPU
	EndGlobalSection
	GlobalSection(ProjectConfigurationPlatforms) = postSolution
		{883AC7F8-81FD-4191-8C6F-ACD058AB3954}.Debug|Any CPU.ActiveCfg = Debug|Any CPU
		{883AC7F8-81FD-4191-8C6F-ACD058AB3954}.Debug|Any CPU.Build.0 = Debug|Any CPU
		{883AC7F8-81FD-4191-8C6F-ACD058AB3954}.Release|Any CPU.ActiveCfg = Release|Any CPU
		{883AC7F8-81FD-4191-8C6F-ACD058AB3954}.Release|Any CPU.Build.0 = Release|Any CPU
		{DBC32962-46E6-43C4-8D34-28F71171D72C}.Debug|Any CPU.ActiveCfg = Debug|Any CPU
		{DBC32962-46E6-43C4-8D34-28F71171D72C}.Debug|Any CPU.Build.0 = Debug|Any CPU
		{DBC32962-46E6-43C4-8D34-28F71171D72C}.Release|Any CPU.ActiveCfg = Release|Any CPU
		{DBC32962-46E6-43C4-8D34-28F71171D72C}.Release|Any CPU.Build.0 = Release|Any CPU
		{BED113F3-19D7-40C4-9E16-AF2184057359}.Debug|Any CPU.ActiveCfg = Debug|Any CPU
		{BED113F3-19D7-40C4-9E16-AF2184057359}.Debug|Any CPU.Build.0 = Debug|Any CPU
		{BED113F3-19D7-40C4-9E16-AF2184057359}.Release|Any CPU.ActiveCfg = Release|Any CPU
		{BED113F3-19D7-40C4-9E16-AF2184057359}.Release|Any CPU.Build.0 = Release|Any CPU
		{9DA0992C-0C3D-4CB0-84DB-5BCDA88A8708}.Debug|Any CPU.ActiveCfg = Debug|Any CPU
		{9DA0992C-0C3D-4CB0-84DB-5BCDA88A8708}.Debug|Any CPU.Build.0 = Debug|Any CPU
		{9DA0992C-0C3D-4CB0-84DB-5BCDA88A8708}.Release|Any CPU.ActiveCfg = Release|Any CPU
		{9DA0992C-0C3D-4CB0-84DB-5BCDA88A8708}.Release|Any CPU.Build.0 = Release|Any CPU
		{C1F49E90-4313-4058-A7D5-A723045FF09A}.Debug|Any CPU.ActiveCfg = Debug|Any CPU
		{C1F49E90-4313-4058-A7D5-A723045FF09A}.Debug|Any CPU.Build.0 = Debug|Any CPU
		{C1F49E90-4313-4058-A7D5-A723045FF09A}.Release|Any CPU.ActiveCfg = Release|Any CPU
		{C1F49E90-4313-4058-A7D5-A723045FF09A}.Release|Any CPU.Build.0 = Release|Any CPU
		{B6ACFFDF-7EA3-4067-AE91-F0E0885D5DD0}.Debug|Any CPU.ActiveCfg = Debug|Any CPU
		{B6ACFFDF-7EA3-4067-AE91-F0E0885D5DD0}.Debug|Any CPU.Build.0 = Debug|Any CPU
		{B6ACFFDF-7EA3-4067-AE91-F0E0885D5DD0}.Release|Any CPU.ActiveCfg = Release|Any CPU
		{B6ACFFDF-7EA3-4067-AE91-F0E0885D5DD0}.Release|Any CPU.Build.0 = Release|Any CPU
		{4CE751C7-C4F4-4A58-8B51-1BC6B316A10F}.Debug|Any CPU.ActiveCfg = Debug|Any CPU
		{4CE751C7-C4F4-4A58-8B51-1BC6B316A10F}.Debug|Any CPU.Build.0 = Debug|Any CPU
		{4CE751C7-C4F4-4A58-8B51-1BC6B316A10F}.Release|Any CPU.ActiveCfg = Release|Any CPU
		{4CE751C7-C4F4-4A58-8B51-1BC6B316A10F}.Release|Any CPU.Build.0 = Release|Any CPU
	EndGlobalSection
	GlobalSection(SolutionProperties) = preSolution
		HideSolutionNode = FALSE
	EndGlobalSection
EndGlobal
