
Microsoft Visual Studio Solution File, Format Version 12.00
# Visual Studio 15
VisualStudioVersion = 15.0.26430.14
MinimumVisualStudioVersion = 10.0.40219.1
Project("{FAE04EC0-301F-11D3-BF4B-00C04F79EFBC}") = "p01_Trainegram", "p01_Trainegram\p01_Trainegram.csproj", "{AB1FC063-D687-465B-8723-52B93E06BD79}"
EndProject
Project("{FAE04EC0-301F-11D3-BF4B-00C04F79EFBC}") = "p02_AnonymousVox", "p02_AnonymousVox\p02_AnonymousVox.csproj", "{A5B27265-E2BB-4BA4-9F3A-A9F497098D59}"
EndProject
Project("{FAE04EC0-301F-11D3-BF4B-00C04F79EFBC}") = "p03_HornetComm", "p03_HornetComm\p03_HornetComm.csproj", "{C7ABF3CA-4045-4EB9-BCF4-91C077DB8AE6}"
EndProject
Global
	GlobalSection(SolutionConfigurationPlatforms) = preSolution
		Debug|Any CPU = Debug|Any CPU
		Release|Any CPU = Release|Any CPU
	EndGlobalSection
	GlobalSection(ProjectConfigurationPlatforms) = postSolution
		{AB1FC063-D687-465B-8723-52B93E06BD79}.Debug|Any CPU.ActiveCfg = Debug|Any CPU
		{AB1FC063-D687-465B-8723-52B93E06BD79}.Debug|Any CPU.Build.0 = Debug|Any CPU
		{AB1FC063-D687-465B-8723-52B93E06BD79}.Release|Any CPU.ActiveCfg = Release|Any CPU
		{AB1FC063-D687-465B-8723-52B93E06BD79}.Release|Any CPU.Build.0 = Release|Any CPU
		{A5B27265-E2BB-4BA4-9F3A-A9F497098D59}.Debug|Any CPU.ActiveCfg = Debug|Any CPU
		{A5B27265-E2BB-4BA4-9F3A-A9F497098D59}.Debug|Any CPU.Build.0 = Debug|Any CPU
		{A5B27265-E2BB-4BA4-9F3A-A9F497098D59}.Release|Any CPU.ActiveCfg = Release|Any CPU
		{A5B27265-E2BB-4BA4-9F3A-A9F497098D59}.Release|Any CPU.Build.0 = Release|Any CPU
		{C7ABF3CA-4045-4EB9-BCF4-91C077DB8AE6}.Debug|Any CPU.ActiveCfg = Debug|Any CPU
		{C7ABF3CA-4045-4EB9-BCF4-91C077DB8AE6}.Debug|Any CPU.Build.0 = Debug|Any CPU
		{C7ABF3CA-4045-4EB9-BCF4-91C077DB8AE6}.Release|Any CPU.ActiveCfg = Release|Any CPU
		{C7ABF3CA-4045-4EB9-BCF4-91C077DB8AE6}.Release|Any CPU.Build.0 = Release|Any CPU
	EndGlobalSection
	GlobalSection(SolutionProperties) = preSolution
		HideSolutionNode = FALSE
	EndGlobalSection
EndGlobal
